
Microsoft Visual Studio Solution File, Format Version 12.00
# Visual Studio Version 17
VisualStudioVersion = 17.14.36915.13 d17.14
MinimumVisualStudioVersion = 10.0.40219.1
Project("{FAE04EC0-301F-11D3-BF4B-00C04F79EFBC}") = "prog_part2_CyberSecurityChatBot", "prog_part2_CyberSecurityChatBot\prog_part2_CyberSecurityChatBot.csproj", "{B1D33134-50A4-48D2-9863-9B9DDB468EC0}"
EndProject
Global
	GlobalSection(SolutionConfigurationPlatforms) = preSolution
		Debug|Any CPU = Debug|Any CPU
		Release|Any CPU = Release|Any CPU
	EndGlobalSection
	GlobalSection(ProjectConfigurationPlatforms) = postSolution
		{B1D33134-50A4-48D2-9863-9B9DDB468EC0}.Debug|Any CPU.ActiveCfg = Debug|Any CPU
		{B1D33134-50A4-48D2-9863-9B9DDB468EC0}.Debug|Any CPU.Build.0 = Debug|Any CPU
		{B1D33134-50A4-48D2-9863-9B9DDB468EC0}.Release|Any CPU.ActiveCfg = Release|Any CPU
		{B1D33134-50A4-48D2-9863-9B9DDB468EC0}.Release|Any CPU.Build.0 = Release|Any CPU
	EndGlobalSection
	GlobalSection(SolutionProperties) = preSolution
		HideSolutionNode = FALSE
	EndGlobalSection
	GlobalSection(ExtensibilityGlobals) = postSolution
		SolutionGuid = {5572571A-368D-4A77-8F9A-5E1CE0C323AC}
	EndGlobalSection
EndGlobal
